# THIS IS AN AUTOGENERATED FILE. DO NOT EDIT THIS FILE DIRECTLY.
# yarn lockfile v1


"@esbuild/darwin-arm64@0.25.8":
  version "0.25.8"
  resolved "https://registry.npmjs.org/@esbuild/darwin-arm64/-/darwin-arm64-0.25.8.tgz"
  integrity sha512-Jw0mxgIaYX6R8ODrdkLLPwBqHTtYHJSmzzd+QeytSugzQ0Vg4c5rDky5VgkoowbZQahCbsv1rT1KW72MPIkevw==

"@oven/bun-darwin-aarch64@1.2.19":
  version "1.2.19"
  resolved "https://registry.npmjs.org/@oven/bun-darwin-aarch64/-/bun-darwin-aarch64-1.2.19.tgz"
  integrity sha512-pJBuez9gwR03Wjtk4hSSBA6QgNdhvPLbrxU4DDzVY8Ee+Q67xNkU0CMK6rFdQF8Qetj2R+Vf8AJDlwAc1QdG1w==

"@types/js-yaml@^4.0.9":
  version "4.0.9"
  resolved "https://registry.npmjs.org/@types/js-yaml/-/js-yaml-4.0.9.tgz"
  integrity sha512-k4MGaQl5TGo/iipqb2UDG2UwjXziSWkh0uysQelTlJpX1qGlpUZYm8PnO4DxG1qBomtJUdYJ6qR6xdIah10JLg==

"@types/node@^24.0.15":
  version "24.0.15"
  resolved "https://registry.npmjs.org/@types/node/-/node-24.0.15.tgz"
  integrity sha512-oaeTSbCef7U/z7rDeJA138xpG3NuKc64/rZ2qmUFkFJmnMsAPaluIifqyWd8hSSMxyP9oie3dLAqYPblag9KgA==
  dependencies:
    undici-types "~7.8.0"

argparse@^2.0.1:
  version "2.0.1"
  resolved "https://registry.npmjs.org/argparse/-/argparse-2.0.1.tgz"
  integrity sha512-8+9WqebbFzpX9OR+Wa6O29asIogeRMzcGtAINdpMHHyAg10f05aSFVBbcEqGf/PXw1EjAZ+q2/bEBg3DvurK3Q==

bun@^1.2.19:
  version "1.2.19"
  resolved "https://registry.npmjs.org/bun/-/bun-1.2.19.tgz"
  integrity sha512-P70KUfH9cvgcl8Hjvamr98NinEatV23yX6qaY7z1+3rBPdds0oVX0u6FfrYnWc8F3ayFQ4do6/6xBLWY4itJkQ==
  optionalDependencies:
    "@oven/bun-darwin-aarch64" "1.2.19"
    "@oven/bun-darwin-x64" "1.2.19"
    "@oven/bun-darwin-x64-baseline" "1.2.19"
    "@oven/bun-linux-aarch64" "1.2.19"
    "@oven/bun-linux-aarch64-musl" "1.2.19"
    "@oven/bun-linux-x64" "1.2.19"
    "@oven/bun-linux-x64-baseline" "1.2.19"
    "@oven/bun-linux-x64-musl" "1.2.19"
    "@oven/bun-linux-x64-musl-baseline" "1.2.19"
    "@oven/bun-windows-x64" "1.2.19"
    "@oven/bun-windows-x64-baseline" "1.2.19"

esbuild@~0.25.0:
  version "0.25.8"
  resolved "https://registry.npmjs.org/esbuild/-/esbuild-0.25.8.tgz"
  integrity sha512-vVC0USHGtMi8+R4Kz8rt6JhEWLxsv9Rnu/lGYbPR8u47B+DCBksq9JarW0zOO7bs37hyOK1l2/oqtbciutL5+Q==
  optionalDependencies:
    "@esbuild/aix-ppc64" "0.25.8"
    "@esbuild/android-arm" "0.25.8"
    "@esbuild/android-arm64" "0.25.8"
    "@esbuild/android-x64" "0.25.8"
    "@esbuild/darwin-arm64" "0.25.8"
    "@esbuild/darwin-x64" "0.25.8"
    "@esbuild/freebsd-arm64" "0.25.8"
    "@esbuild/freebsd-x64" "0.25.8"
    "@esbuild/linux-arm" "0.25.8"
    "@esbuild/linux-arm64" "0.25.8"
    "@esbuild/linux-ia32" "0.25.8"
    "@esbuild/linux-loong64" "0.25.8"
    "@esbuild/linux-mips64el" "0.25.8"
    "@esbuild/linux-ppc64" "0.25.8"
    "@esbuild/linux-riscv64" "0.25.8"
    "@esbuild/linux-s390x" "0.25.8"
    "@esbuild/linux-x64" "0.25.8"
    "@esbuild/netbsd-arm64" "0.25.8"
    "@esbuild/netbsd-x64" "0.25.8"
    "@esbuild/openbsd-arm64" "0.25.8"
    "@esbuild/openbsd-x64" "0.25.8"
    "@esbuild/openharmony-arm64" "0.25.8"
    "@esbuild/sunos-x64" "0.25.8"
    "@esbuild/win32-arm64" "0.25.8"
    "@esbuild/win32-ia32" "0.25.8"
    "@esbuild/win32-x64" "0.25.8"

fsevents@~2.3.3:
  version "2.3.3"
  resolved "https://registry.npmjs.org/fsevents/-/fsevents-2.3.3.tgz"
  integrity sha512-5xoDfX+fL7faATnagmWPpbFtwh/R77WmMMqqHGS65C3vvB0YHrgF+B1YmZ3441tMj5n63k0212XNoJwzlhffQw==

get-tsconfig@^4.7.5:
  version "4.10.1"
  resolved "https://registry.npmjs.org/get-tsconfig/-/get-tsconfig-4.10.1.tgz"
  integrity sha512-auHyJ4AgMz7vgS8Hp3N6HXSmlMdUyhSUrfBF16w153rxtLIEOE+HGqaBppczZvnHLqQJfiHotCYpNhl0lUROFQ==
  dependencies:
    resolve-pkg-maps "^1.0.0"

js-yaml@^4.1.0:
  version "4.1.0"
  resolved "https://registry.npmjs.org/js-yaml/-/js-yaml-4.1.0.tgz"
  integrity sha512-wpxZs9NoxZaJESJGIZTyDEaYpl0FKSA+FB9aJiyemKhMwkxQg63h4T1KJgUGHpTqPDNRcmmYLugrRjJlBtWvRA==
  dependencies:
    argparse "^2.0.1"

resolve-pkg-maps@^1.0.0:
  version "1.0.0"
  resolved "https://registry.npmjs.org/resolve-pkg-maps/-/resolve-pkg-maps-1.0.0.tgz"
  integrity sha512-seS2Tj26TBVOC2NIc2rOe2y2ZO7efxITtLZcGSOnHHNOQ7CkiUBfw0Iw2ck6xkIhPwLhKNLS8BO+hEpngQlqzw==

tsx@^4.20.3:
  version "4.20.3"
  resolved "https://registry.npmjs.org/tsx/-/tsx-4.20.3.tgz"
  integrity sha512-qjbnuR9Tr+FJOMBqJCW5ehvIo/buZq7vH7qD7JziU98h6l3qGy0a/yPFjwO+y0/T7GFpNgNAvEcPPVfyT8rrPQ==
  dependencies:
    esbuild "~0.25.0"
    get-tsconfig "^4.7.5"
  optionalDependencies:
    fsevents "~2.3.3"

typescript@^5.8.3:
  version "5.8.3"
  resolved "https://registry.npmjs.org/typescript/-/typescript-5.8.3.tgz"
  integrity sha512-p1diW6TqL9L07nNxvRMM7hMMw4c5XOo/1ibL4aAIGmSAt9slTE1Xgw5KWuof2uTOvCg9BY7ZRi+GaF+7sfgPeQ==

undici-types@~7.8.0:
  version "7.8.0"
  resolved "https://registry.npmjs.org/undici-types/-/undici-types-7.8.0.tgz"
  integrity sha512-9UJ2xGDvQ43tYyVMpuHlsgApydB8ZKfVYTsLDhXkFL/6gfkp+U8xTGdh8pMJv1SpZna0zxG1DwsKZsreLbXBxw==
